
Microsoft Visual Studio Solution File, Format Version 12.00
# Visual Studio 15
VisualStudioVersion = 15.0.27428.2027
MinimumVisualStudioVersion = 10.0.40219.1
Project("{FAE04EC0-301F-11D3-BF4B-00C04F79EFBC}") = "ConsoleApp1", "ConsoleApp1\ConsoleApp1.csproj", "{F277C3D9-721B-4AC2-8C82-9CB886A403CF}"
EndProject
Project("{FAE04EC0-301F-11D3-BF4B-00C04F79EFBC}") = "Task1", "Task1\Task1.csproj", "{B6C8E083-CE90-4611-8B5A-6D9AD8885CF8}"
EndProject
Project("{FAE04EC0-301F-11D3-BF4B-00C04F79EFBC}") = "Task 2", "Task 2\Task 2.csproj", "{CC0B17B5-ED09-4E07-AEB3-5261A2BAB13F}"
EndProject
Global
	GlobalSection(SolutionConfigurationPlatforms) = preSolution
		Debug|Any CPU = Debug|Any CPU
		Release|Any CPU = Release|Any CPU
	EndGlobalSection
	GlobalSection(ProjectConfigurationPlatforms) = postSolution
		{F277C3D9-721B-4AC2-8C82-9CB886A403CF}.Debug|Any CPU.ActiveCfg = Debug|Any CPU
		{F277C3D9-721B-4AC2-8C82-9CB886A403CF}.Debug|Any CPU.Build.0 = Debug|Any CPU
		{F277C3D9-721B-4AC2-8C82-9CB886A403CF}.Release|Any CPU.ActiveCfg = Release|Any CPU
		{F277C3D9-721B-4AC2-8C82-9CB886A403CF}.Release|Any CPU.Build.0 = Release|Any CPU
		{B6C8E083-CE90-4611-8B5A-6D9AD8885CF8}.Debug|Any CPU.ActiveCfg = Debug|Any CPU
		{B6C8E083-CE90-4611-8B5A-6D9AD8885CF8}.Debug|Any CPU.Build.0 = Debug|Any CPU
		{B6C8E083-CE90-4611-8B5A-6D9AD8885CF8}.Release|Any CPU.ActiveCfg = Release|Any CPU
		{B6C8E083-CE90-4611-8B5A-6D9AD8885CF8}.Release|Any CPU.Build.0 = Release|Any CPU
		{CC0B17B5-ED09-4E07-AEB3-5261A2BAB13F}.Debug|Any CPU.ActiveCfg = Debug|Any CPU
		{CC0B17B5-ED09-4E07-AEB3-5261A2BAB13F}.Debug|Any CPU.Build.0 = Debug|Any CPU
		{CC0B17B5-ED09-4E07-AEB3-5261A2BAB13F}.Release|Any CPU.ActiveCfg = Release|Any CPU
		{CC0B17B5-ED09-4E07-AEB3-5261A2BAB13F}.Release|Any CPU.Build.0 = Release|Any CPU
	EndGlobalSection
	GlobalSection(SolutionProperties) = preSolution
		HideSolutionNode = FALSE
	EndGlobalSection
	GlobalSection(ExtensibilityGlobals) = postSolution
		SolutionGuid = {FF218A13-DAF4-4068-812C-52C74415EF23}
	EndGlobalSection
EndGlobal
